#MicroXplorer Configuration settings - do not modify
Mcu.Family=STM32WL
VP_RTC_VS_RTC_Activate.Signal=RTC_VS_RTC_Activate
RCC.PLLSourceVirtual=RCC_PLLSOURCE_HSI
ProjectManager.MainLocation=Core/Src
PC15-OSC32_OUT.Mode=LSE-External-Oscillator
RCC.PLLQoutputFreq_Value=80000000
RCC.USART1Freq_Value=48000000
ProjectManager.ProjectFileName=LPTIM-Tick-STM32WLE5xx.ioc
RCC.CortexFreq_Value=48000000
FREERTOS.Tasks01=mainTask,0,256,mainOsTask,Default,NULL,Dynamic,NULL,NULL
ProjectManager.KeepUserCode=true
Mcu.UserName=STM32WLE5CCUx
Mcu.PinsNb=8
ProjectManager.NoMain=false
VP_SYS_VS_tim17.Mode=TIM17
NVIC.SavedSvcallIrqHandlerGenerated=true
RCC.HCLK3Freq_Value=48000000
PCC.SUBGHZ.OptionalSettings=false
FREERTOS.INCLUDE_vTaskDelayUntil=1
FREERTOS.configCHECK_FOR_STACK_OVERFLOW=2
FREERTOS.configUSE_TICKLESS_IDLE=2
PA12.GPIOParameters=GPIO_Label
ProjectManager.functionlistsort=1-MX_GPIO_Init-GPIO-false-HAL-true,2-SystemClock_Config-RCC-false-HAL-false,3-MX_RTC_Init-RTC-false-HAL-true
VP_RTC_VS_RTC_Activate.Mode=RTC_Enabled
RCC.RTCFreq_Value=32000
ProjectManager.DefaultFWLocation=true
PCC.SUBGHZ.RxBoosted=false
RCC.USART2Freq_Value=48000000
ProjectManager.DeletePrevious=true
PC14-OSC32_IN.Signal=RCC_OSC32_IN
PinOutPanel.RotationAngle=0
PA12.GPIO_Label=DEBUG_PIN
RCC.PWR_Regulator_Voltage_Scale=PWR_REGULATOR_VOLTAGE_SCALE1
RCC.FamilyName=M
RCC.MCO1PinFreq_Value=48000000
ProjectManager.StackSize=0x400
PCC.SUBGHZ.Output.Power=14
RCC.I2C3Freq_Value=48000000
RCC.LPTIM1Freq_Value=48000000
PA13.Signal=DEBUG_JTMS-SWDIO
Mcu.IP4=RTC
RCC.FCLKCortexFreq_Value=48000000
Mcu.IP5=SYS
PCC.SUBGHZ.FrequencyBand=High
VP_FREERTOS_VS_CMSIS_V1.Signal=FREERTOS_VS_CMSIS_V1
Mcu.IP2=NVIC
NVIC.SVCall_IRQn=true\:0\:0\:false\:false\:false\:false\:false\:false
Mcu.IP3=RCC
Mcu.IP0=DEBUG
Mcu.IP1=FREERTOS
PA12.Locked=true
PA12.Signal=GPIO_Output
RTC.SynchPrediv=8191
Mcu.UserConstants=
ProjectManager.TargetToolchain=STM32CubeIDE
Mcu.ThirdPartyNb=0
NVIC.TIM17_IRQn=true\:0\:0\:false\:false\:true\:false\:false\:true
RCC.HCLKFreq_Value=48000000
RCC.FLatency=FLASH_LATENCY_2
Mcu.IPNb=6
ProjectManager.PreviousToolchain=
RCC.APB2TimFreq_Value=48000000
RTC.IPParameters=AsynchPrediv,SynchPrediv
FREERTOS.configUSE_MALLOC_FAILED_HOOK=1
Mcu.Pin6=VP_RTC_VS_RTC_Activate
Mcu.Pin7=VP_SYS_VS_tim17
ProjectManager.RegisterCallBack=
FREERTOS.IPParameters=Tasks01,configUSE_TICKLESS_IDLE,configUSE_TICK_HOOK,configUSE_MALLOC_FAILED_HOOK,configCHECK_FOR_STACK_OVERFLOW,configUSE_TIMERS,configTIMER_TASK_PRIORITY,INCLUDE_vTaskDelayUntil,FootprintOK
RCC.LSE_VALUE=32768
PC15-OSC32_OUT.Signal=RCC_OSC32_OUT
RCC.AHBFreq_Value=48000000
RCC.PREFETCH_ENABLE=1
Mcu.Pin0=PA12
Mcu.Pin1=PA13
Mcu.Pin2=PC14-OSC32_IN
Mcu.Pin3=PC15-OSC32_OUT
Mcu.Pin4=PA14
Mcu.Pin5=VP_FREERTOS_VS_CMSIS_V1
ProjectManager.ProjectBuild=false
RCC.HSE_VALUE=8000000
NVIC.UsageFault_IRQn=true\:0\:0\:false\:false\:true\:false\:false\:false
FREERTOS.configUSE_TIMERS=1
NVIC.DebugMonitor_IRQn=true\:0\:0\:false\:false\:true\:false\:false\:false
board=custom
RCC.VCOOutputFreq_Value=160000000
NVIC.SysTick_IRQn=true\:15\:0\:true\:false\:false\:true\:false\:true
ProjectManager.LastFirmware=true
PCC.SUBGHZ.SMPS=Off
RCC.LPTIM3Freq_Value=48000000
ProjectManager.FirmwarePackage=STM32Cube FW_WL V1.0.0
MxDb.Version=DB.6.0.21
NVIC.SavedSystickIrqHandlerGenerated=true
RCC.APB2Freq_Value=48000000
ProjectManager.BackupPrevious=false
MxCube.Version=6.2.1
PC14-OSC32_IN.Mode=LSE-External-Oscillator
VP_SYS_VS_tim17.Signal=SYS_VS_tim17
RCC.VCOInputFreq_Value=16000000
RCC.I2C1Freq_Value=48000000
PA14.Mode=Serial_Wire
RCC.RNGFreq_Value=32000
File.Version=6
RTC.AsynchPrediv=3
NVIC.NonMaskableInt_IRQn=true\:0\:0\:false\:false\:true\:false\:false\:false
RCC.PLLRCLKFreq_Value=80000000
NVIC.PendSV_IRQn=true\:15\:0\:true\:false\:false\:true\:false\:false
VP_FREERTOS_VS_CMSIS_V1.Mode=CMSIS_V1
PA13.Mode=Serial_Wire
ProjectManager.FreePins=false
RCC.IPParameters=AHBFreq_Value,APB1Freq_Value,APB1TimFreq_Value,APB2Freq_Value,APB2TimFreq_Value,APB3Freq_Value,CortexFreq_Value,FCLKCortexFreq_Value,FLatency,FamilyName,HCLK3Freq_Value,HCLKFreq_Value,HSE_VALUE,HSI_VALUE,I2C1Freq_Value,I2C2Freq_Value,I2C3Freq_Value,I2S2Freq_Value,LPTIM1Freq_Value,LPTIM2Freq_Value,LPTIM3Freq_Value,LPUART1Freq_Value,LSCOPinFreq_Value,LSE_VALUE,MCO1PinFreq_Value,MSIClockRange,PLLN,PLLPoutputFreq_Value,PLLQoutputFreq_Value,PLLRCLKFreq_Value,PLLSourceVirtual,PREFETCH_ENABLE,PWRFreq_Value,PWR_Regulator_Voltage_Scale,RNGFreq_Value,RTCFreq_Value,SYSCLKFreq_VALUE,USART1Freq_Value,USART2Freq_Value,VCOInputFreq_Value,VCOOutputFreq_Value
ProjectManager.AskForMigrate=true
Mcu.Name=STM32WLE5CCUx
RCC.LPTIM2Freq_Value=48000000
FREERTOS.configTIMER_TASK_PRIORITY=6
ProjectManager.HalAssertFull=false
NVIC.SavedPendsvIrqHandlerGenerated=true
ProjectManager.ProjectName=LPTIM-Tick-STM32WLE5xx
ProjectManager.UnderRoot=true
RCC.APB3Freq_Value=48000000
ProjectManager.CoupleFile=false
RCC.SYSCLKFreq_VALUE=48000000
Mcu.Package=UFQFPN48
NVIC.TimeBase=TIM17_IRQn
RCC.I2S2Freq_Value=16000000
NVIC.ForceEnableDMAVector=true
KeepUserPlacement=false
NVIC.MemoryManagement_IRQn=true\:0\:0\:false\:false\:true\:false\:false\:false
ProjectManager.CompilerOptimize=6
ProjectManager.ToolChainLocation=
NVIC.TimeBaseIP=TIM17
RCC.LSCOPinFreq_Value=32000
PA14.Signal=DEBUG_JTCK-SWCLK
FREERTOS.FootprintOK=true
ProjectManager.HeapSize=0x200
PCC.SUBGHZ.Modulation=FSK
NVIC.HardFault_IRQn=true\:0\:0\:false\:false\:true\:false\:false\:false
ProjectManager.ComputerToolchain=false
RCC.HSI_VALUE=16000000
NVIC.PriorityGroup=NVIC_PRIORITYGROUP_4
RCC.PLLN=10
RCC.PLLPoutputFreq_Value=80000000
RCC.APB1TimFreq_Value=48000000
FREERTOS.configUSE_TICK_HOOK=1
NVIC.BusFault_IRQn=true\:0\:0\:false\:false\:true\:false\:false\:false
RCC.PWRFreq_Value=48000000
RCC.LPUART1Freq_Value=48000000
RCC.I2C2Freq_Value=48000000
RCC.APB1Freq_Value=48000000
ProjectManager.CustomerFirmwarePackage=
ProjectManager.DeviceId=STM32WLE5CCUx
RCC.MSIClockRange=RCC_MSIRANGE_11
ProjectManager.LibraryCopy=1
PCC.SUBGHZ.PowerAmplifier=Low Power
isbadioc=false
